hash: 8a251805c06cd6f4f20b276425eabe314968e2ad14fb32525fc93c53c2cfe845
updated: 2019-04-04T20:26:54.485838082Z
imports:
- name: github.com/droundy/goopt
  version: 0b8effe182da161d81b011aba271507324ecb7ab
- name: github.com/gorilla/websocket
  version: 66b9c49e59c6c48f0ffce28c2d8b8a5678502c6d
- name: github.com/jcelliott/lumber
  version: dd349441af25132d146d7095c6693a15431fc9b1
- name: github.com/Microsoft/go-winio
  version: 1a8911d1ed007260465c3bfbbc785ac6915a0bb8
- name: golang.org/x/sys
  version: 81d4e9dc473e5e8c933f2aaeba2a3d81efb9aed2
  subpackages:
  - windows
- name: nanomsg.org/go/mangos/v2
  version: 63f66a65137b9a648ac9f7bf0160b4a4d17d7999
  subpackages:
  - errors
  - internal/core
  - protocol
  - protocol/bus
  - protocol/pair
  - protocol/pub
  - protocol/pull
  - protocol/push
  - protocol/rep
  - protocol/req
  - protocol/respondent
  - protocol/star
  - protocol/sub
  - protocol/surveyor
  - protocol/xbus
  - protocol/xpair
  - protocol/xpub
  - protocol/xpull
  - protocol/xpush
  - protocol/xrep
  - protocol/xstar
  - transport
  - transport/all
  - transport/inproc
  - transport/ipc
  - transport/tcp
  - transport/tlstcp
  - transport/ws
  - transport/wss
testImports:
- name: github.com/smartystreets/goconvey
  version: 68dc04aab96ae4326137d6b77330c224063a927e
  subpackages:
  - convey
